{
  "lockfile_version": "1",
  "packages": {
    "binaryen@latest": {
      "last_modified": "2026-08-27T07:16:00Z",
      "resolved": "github:NixOS/nixpkgs/c27cdad491a991b11ed731760aa2ef8db0cb0410#binaryen",
      "source": "devbox-search",
      "version": "132",
      "systems": {
        "aarch64-darwin": {
          "outputs": [
            {
              "name": "out",
              "path": "/nix/store/kkbqx6kfhgndwi9gcjqvswm60zdpi35i-binaryen-132",
              "default": true
            }
          ],
          "store_path": "/nix/store/kkbqx6kfhgndwi9gcjqvswm60zdpi35i-binaryen-132"
        },
        "aarch64-linux": {
          "outputs": [
            {
              "name": "out",
              "path": "/nix/store/hk8mwywnjh5prapfdplvjsqwcqqzh9xl-binaryen-132",
              "default": true
            }
          ],
          "store_path": "/nix/store/hk8mwywnjh5prapfdplvjsqwcqqzh9xl-binaryen-132"
        },
        "x86_64-linux": {
          "outputs": [
            {
              "name": "out",
              "path": "/nix/store/jkmzhzn0x3sfxg2wsglpsnfbksq7i1i7-binaryen-132",
              "default": true
            }
          ],
          "store_path": "/nix/store/jkmzhzn0x3sfxg2wsglpsnfbksq7i1i7-binaryen-132"
        }
      }
    },
    "github:NixOS/nixpkgs/nixpkgs-unstable": {
      "last_modified": "2026-07-05T19:27:47Z",
      "resolved": "github:NixOS/nixpkgs/f205b5574fd0cb7da5b702a2da51507b7f4fdd1b?lastModified=1783279667"
    },
    "go@latest": {
      "last_modified": "2026-06-27T07:37:20Z",
      "resolved": "github:NixOS/nixpkgs/3d46470bb3030020f7e1361f33514854f5bfa86d#go",
      "source": "devbox-search",
      "version": "1.26.4",
      "systems": {
        "aarch64-darwin": {
          "outputs": [
            {
              "name": "out",
              "path": "/nix/store/kyai650rrywrzflnwda9mbk2c2j9w68r-go-1.26.4",
              "default": true
            }
          ],
          "store_path": "/nix/store/kyai650rrywrzflnwda9mbk2c2j9w68r-go-1.26.4"
        },
        "aarch64-linux": {
          "outputs": [
            {
              "name": "out",
              "path": "/nix/store/lgcj27hrbanbc93xm9zdrldds7b1jrw8-go-1.26.4",
              "default": true
            }
          ],
          "store_path": "/nix/store/lgcj27hrbanbc93xm9zdrldds7b1jrw8-go-1.26.4"
        },
        "x86_64-darwin": {
          "outputs": [
            {
              "name": "out",
              "path": "/nix/store/h0z6ghmi3cihlbm163d72xs9p9nn04a1-go-1.26.4",
              "default": true
            }
          ],
          "store_path": "/nix/store/h0z6ghmi3cihlbm163d72xs9p9nn04a1-go-1.26.4"
        },
        "x86_64-linux": {
          "outputs": [
            {
              "name": "out",
              "path": "/nix/store/gb0njhqswlc5n127ikgyikvq39r40l6f-go-1.26.4",
              "default": true
            }
          ],
          "store_path": "/nix/store/gb0njhqswlc5n127ikgyikvq39r40l6f-go-1.26.4"
        }
      }
    },
    "graalvmPackages.graalvm-ce@latest": {
      "last_modified": "2026-08-27T07:16:00Z",
      "resolved": "github:NixOS/nixpkgs/c27cdad491a991b11ed731760aa2ef8db0cb0410#graalvmPackages.graalvm-ce",
      "source": "devbox-search",
      "version": "25.2.4",
      "systems": {
        "aarch64-darwin": {
          "outputs": [
            {
              "name": "out",
              "path": "/nix/store/q7w5ddg6c7bjh674qlr7nmsypks73p62-graalvm-ce-25.2.4",
              "default": true
            }
          ],
          "store_path": "/nix/store/q7w5ddg6c7bjh674qlr7nmsypks73p62-graalvm-ce-25.2.4"
        },
        "aarch64-linux": {
          "outputs": [
            {
              "name": "out",
              "path": "/nix/store/k27n9jwk3jwk8bdqkz0b0gkcxksq4rqk-graalvm-ce-25.2.4",
              "default": true
            }
          ],
          "store_path": "/nix/store/k27n9jwk3jwk8bdqkz0b0gkcxksq4rqk-graalvm-ce-25.2.4"
        },
        "x86_64-linux": {
          "outputs": [
            {
              "name": "out",
              "path": "/nix/store/x7s2lskf44mxg140mxn5rzfxhxp8k2mz-graalvm-ce-25.2.4",
              "default": true
            }
          ],
          "store_path": "/nix/store/x7s2lskf44mxg140mxn5rzfxhxp8k2mz-graalvm-ce-25.2.4"
        }
      }
    },
    "nodejs@latest": {
      "last_modified": "2026-06-27T07:37:20Z",
      "plugin_version": "0.0.4",
      "resolved": "github:NixOS/nixpkgs/3d46470bb3030020f7e1361f33514854f5bfa86d#nodejs_26",
      "source": "devbox-search",
      "version": "26.4.0",
      "systems": {
        "aarch64-darwin": {
          "outputs": [
            {
              "name": "out",
              "path": "/nix/store/dz3nxng3029j1gc570pkwj8ahfdl3sa4-nodejs-26.4.0",
              "default": true
            }
          ],
          "store_path": "/nix/store/dz3nxng3029j1gc570pkwj8ahfdl3sa4-nodejs-26.4.0"
        },
        "aarch64-linux": {
          "outputs": [
            {
              "name": "out",
              "path": "/nix/store/4bv9k994r33svxczpy2wk3lhsrh3kspl-nodejs-26.4.0",
              "default": true
            }
          ],
          "store_path": "/nix/store/4bv9k994r33svxczpy2wk3lhsrh3kspl-nodejs-26.4.0"
        },
        "x86_64-darwin": {
          "outputs": [
            {
              "name": "out",
              "path": "/nix/store/wyxj7d54jggi26lnap66c858mb2l2m2q-nodejs-26.4.0",
              "default": true
            }
          ],
          "store_path": "/nix/store/wyxj7d54jggi26lnap66c858mb2l2m2q-nodejs-26.4.0"
        },
        "x86_64-linux": {
          "outputs": [
            {
              "name": "out",
              "path": "/nix/store/i2jf2l5lqhy3d7zy3lzx5wjydyzw2hwm-nodejs-26.4.0",
              "default": true
            }
          ],
          "store_path": "/nix/store/i2jf2l5lqhy3d7zy3lzx5wjydyzw2hwm-nodejs-26.4.0"
        }
      }
    },
    "python@latest": {
      "last_modified": "2026-06-27T07:37:20Z",
      "plugin_version": "0.0.5",
      "resolved": "github:NixOS/nixpkgs/3d46470bb3030020f7e1361f33514854f5bfa86d#python314",
      "source": "devbox-search",
      "version": "3.14.4",
      "systems": {
        "aarch64-darwin": {
          "outputs": [
            {
              "name": "out",
              "path": "/nix/store/bz7r3a1x3xby7ilac2ngzwr0szf3yzxc-python3-3.14.4",
              "default": true
            }
          ],
          "store_path": "/nix/store/bz7r3a1x3xby7ilac2ngzwr0szf3yzxc-python3-3.14.4"
        },
        "aarch64-linux": {
          "outputs": [
            {
              "name": "out",
              "path": "/nix/store/fj2lkfaqsccpsgwmzrv921asxzsp1iin-python3-3.14.4",
              "default": true
            },
            {
              "name": "debug",
              "path": "/nix/store/8sggbkg072yim06lsbggkiwc84z28cj9-python3-3.14.4-debug"
            }
          ],
          "store_path": "/nix/store/fj2lkfaqsccpsgwmzrv921asxzsp1iin-python3-3.14.4"
        },
        "x86_64-darwin": {
          "outputs": [
            {
              "name": "out",
              "path": "/nix/store/dz3vgh7m1dsj9c3ahn1ab6wqpnz9bbww-python3-3.14.4",
              "default": true
            }
          ],
          "store_path": "/nix/store/dz3vgh7m1dsj9c3ahn1ab6wqpnz9bbww-python3-3.14.4"
        },
        "x86_64-linux": {
          "outputs": [
            {
              "name": "out",
              "path": "/nix/store/fk8c5cqd0npblqv1mcd8swhkcbng84qr-python3-3.14.4",
              "default": true
            },
            {
              "name": "debug",
              "path": "/nix/store/y6nmlnw8360r8lma5bjnp07vl9r4l07g-python3-3.14.4-debug"
            }
          ],
          "store_path": "/nix/store/fk8c5cqd0npblqv1mcd8swhkcbng84qr-python3-3.14.4"
        }
      }
    }
  }
}
